
Microsoft Visual Studio Solution File, Format Version 12.00
# Visual Studio Version 17
VisualStudioVersion = 17.3.32929.385
MinimumVisualStudioVersion = 10.0.40219.1
Project("{9A19103F-16F7-4668-BE54-9A1E7A4F7556}") = "repositories", "pratickum\repositories.csproj", "{7807CCF8-0343-459D-83D5-18ED81524524}"
EndProject
Project("{9A19103F-16F7-4668-BE54-9A1E7A4F7556}") = "DBcontext", "DBcontext\DBcontext.csproj", "{F6908F26-4C61-49BD-8C64-E33448BF53DF}"
EndProject
Project("{FAE04EC0-301F-11D3-BF4B-00C04F79EFBC}") = "Services", "Services\Services.csproj", "{796A6D5E-B62A-4B4B-ACD9-8B716591A01E}"
EndProject
Project("{FAE04EC0-301F-11D3-BF4B-00C04F79EFBC}") = "Common", "Common\Common.csproj", "{759297FF-508D-4F20-BB6B-B142ECE25F6D}"
EndProject
Project("{FAE04EC0-301F-11D3-BF4B-00C04F79EFBC}") = "API", "API\API.csproj", "{AE0EAC2C-6F65-44C7-B666-5D7DA7CCC59E}"
EndProject
Global
	GlobalSection(SolutionConfigurationPlatforms) = preSolution
		Debug|Any CPU = Debug|Any CPU
		Release|Any CPU = Release|Any CPU
	EndGlobalSection
	GlobalSection(ProjectConfigurationPlatforms) = postSolution
		{7807CCF8-0343-459D-83D5-18ED81524524}.Debug|Any CPU.ActiveCfg = Debug|Any CPU
		{7807CCF8-0343-459D-83D5-18ED81524524}.Debug|Any CPU.Build.0 = Debug|Any CPU
		{7807CCF8-0343-459D-83D5-18ED81524524}.Release|Any CPU.ActiveCfg = Release|Any CPU
		{7807CCF8-0343-459D-83D5-18ED81524524}.Release|Any CPU.Build.0 = Release|Any CPU
		{F6908F26-4C61-49BD-8C64-E33448BF53DF}.Debug|Any CPU.ActiveCfg = Debug|Any CPU
		{F6908F26-4C61-49BD-8C64-E33448BF53DF}.Debug|Any CPU.Build.0 = Debug|Any CPU
		{F6908F26-4C61-49BD-8C64-E33448BF53DF}.Release|Any CPU.ActiveCfg = Release|Any CPU
		{F6908F26-4C61-49BD-8C64-E33448BF53DF}.Release|Any CPU.Build.0 = Release|Any CPU
		{796A6D5E-B62A-4B4B-ACD9-8B716591A01E}.Debug|Any CPU.ActiveCfg = Debug|Any CPU
		{796A6D5E-B62A-4B4B-ACD9-8B716591A01E}.Debug|Any CPU.Build.0 = Debug|Any CPU
		{796A6D5E-B62A-4B4B-ACD9-8B716591A01E}.Release|Any CPU.ActiveCfg = Release|Any CPU
		{796A6D5E-B62A-4B4B-ACD9-8B716591A01E}.Release|Any CPU.Build.0 = Release|Any CPU
		{759297FF-508D-4F20-BB6B-B142ECE25F6D}.Debug|Any CPU.ActiveCfg = Debug|Any CPU
		{759297FF-508D-4F20-BB6B-B142ECE25F6D}.Debug|Any CPU.Build.0 = Debug|Any CPU
		{759297FF-508D-4F20-BB6B-B142ECE25F6D}.Release|Any CPU.ActiveCfg = Release|Any CPU
		{759297FF-508D-4F20-BB6B-B142ECE25F6D}.Release|Any CPU.Build.0 = Release|Any CPU
		{AE0EAC2C-6F65-44C7-B666-5D7DA7CCC59E}.Debug|Any CPU.ActiveCfg = Debug|Any CPU
		{AE0EAC2C-6F65-44C7-B666-5D7DA7CCC59E}.Debug|Any CPU.Build.0 = Debug|Any CPU
		{AE0EAC2C-6F65-44C7-B666-5D7DA7CCC59E}.Release|Any CPU.ActiveCfg = Release|Any CPU
		{AE0EAC2C-6F65-44C7-B666-5D7DA7CCC59E}.Release|Any CPU.Build.0 = Release|Any CPU
	EndGlobalSection
	GlobalSection(SolutionProperties) = preSolution
		HideSolutionNode = FALSE
	EndGlobalSection
	GlobalSection(ExtensibilityGlobals) = postSolution
		SolutionGuid = {A2CDD3E5-79B4-48F5-9951-903C8399F641}
	EndGlobalSection
EndGlobal
